Microsoft Visual Studio Solution File, Format Version 12.00
# Visual Studio Version 17
VisualStudioVersion = 17.5.2.0
MinimumVisualStudioVersion = 10.0.40219.1
Project("{FAE04EC0-301F-11D3-BF4B-00C04F79EFBC}") = "KiwiTracker.API", "KiwiTracker.API.csproj", "{211B5548-D0AD-9C8F-4AB5-3FCA1ABD20C3}"
EndProject
Global
	GlobalSection(SolutionConfigurationPlatforms) = preSolution
		Debug|Any CPU = Debug|Any CPU
		Release|Any CPU = Release|Any CPU
	EndGlobalSection
	GlobalSection(ProjectConfigurationPlatforms) = postSolution
		{211B5548-D0AD-9C8F-4AB5-3FCA1ABD20C3}.Debug|Any CPU.ActiveCfg = Debug|Any CPU
		{211B5548-D0AD-9C8F-4AB5-3FCA1ABD20C3}.Debug|Any CPU.Build.0 = Debug|Any CPU
		{211B5548-D0AD-9C8F-4AB5-3FCA1ABD20C3}.Release|Any CPU.ActiveCfg = Release|Any CPU
		{211B5548-D0AD-9C8F-4AB5-3FCA1ABD20C3}.Release|Any CPU.Build.0 = Release|Any CPU
	EndGlobalSection
	GlobalSection(SolutionProperties) = preSolution
		HideSolutionNode = FALSE
	EndGlobalSection
	GlobalSection(ExtensibilityGlobals) = postSolution
		SolutionGuid = {A60BC102-F02D-46F5-A05C-E08F74733A20}
	EndGlobalSection
EndGlobal
